// !$*UTF8*$!
{
	archiveVersion = 1;
	classes = {
	};
	objectVersion = 56;
	objects = {

/* Begin PBXBuildFile section */
		C246353328EC8132008F9A2D /* FoodItems.xcdatamodeld in Sources */ = {isa = PBXBuildFile; fileRef = C246353128EC8132008F9A2D /* FoodItems.xcdatamodeld */; };
		C246353528EC81CF008F9A2D /* Persistence.swift in Sources */ = {isa = PBXBuildFile; fileRef = C246353428EC81CF008F9A2D /* Persistence.swift */; };
		C246353A28ECA8EB008F9A2D /* MealSection.swift in Sources */ = {isa = PBXBuildFile; fileRef = C246353928ECA8EB008F9A2D /* MealSection.swift */; };
		C246353D28ECD37A008F9A2D /* Binding.swift in Sources */ = {isa = PBXBuildFile; fileRef = C246353C28ECD37A008F9A2D /* Binding.swift */; };
		C2E33F1028EDD7FB00829330 /* SQLite in Frameworks */ = {isa = PBXBuildFile; productRef = C2E33F0F28EDD7FB00829330 /* SQLite */; };
		C2E33F1328EDD83200829330 /* FoodDataStore.swift in Sources */ = {isa = PBXBuildFile; fileRef = C2E33F1228EDD83200829330 /* FoodDataStore.swift */; };
		C2E85BEC28E9DBCF001C6EF9 /* MacrosSwiftApp.swift in Sources */ = {isa = PBXBuildFile; fileRef = C2E85BEB28E9DBCF001C6EF9 /* MacrosSwiftApp.swift */; };
		C2E85BEE28E9DBCF001C6EF9 /* MacroJournal.swift in Sources */ = {isa = PBXBuildFile; fileRef = C2E85BED28E9DBCF001C6EF9 /* MacroJournal.swift */; };
		C2E85BF028E9DBCF001C6EF9 /* Assets.xcassets in Resources */ = {isa = PBXBuildFile; fileRef = C2E85BEF28E9DBCF001C6EF9 /* Assets.xcassets */; };
		C2E85BF428E9DBCF001C6EF9 /* Preview Assets.xcassets in Resources */ = {isa = PBXBuildFile; fileRef = C2E85BF328E9DBCF001C6EF9 /* Preview Assets.xcassets */; };
		C2E85BFB28E9DC4E001C6EF9 /* MacroRing.swift in Sources */ = {isa = PBXBuildFile; fileRef = C2E85BFA28E9DC4E001C6EF9 /* MacroRing.swift */; };
		C2E85BFF28E9F669001C6EF9 /* MacroData.swift in Sources */ = {isa = PBXBuildFile; fileRef = C2E85BFE28E9F669001C6EF9 /* MacroData.swift */; };
		C2E85C0128EA0348001C6EF9 /* UserData.swift in Sources */ = {isa = PBXBuildFile; fileRef = C2E85C0028EA0348001C6EF9 /* UserData.swift */; };
		C2E85C0328EA0620001C6EF9 /* DateSelection.swift in Sources */ = {isa = PBXBuildFile; fileRef = C2E85C0228EA0620001C6EF9 /* DateSelection.swift */; };
		C2E85C0728EA521E001C6EF9 /* AddItem.swift in Sources */ = {isa = PBXBuildFile; fileRef = C2E85C0628EA521E001C6EF9 /* AddItem.swift */; };
		C2E85C0928EA5FC2001C6EF9 /* AboveListToolbar.swift in Sources */ = {isa = PBXBuildFile; fileRef = C2E85C0828EA5FC2001C6EF9 /* AboveListToolbar.swift */; };
		C2E85C0B28EA658C001C6EF9 /* MealsList.swift in Sources */ = {isa = PBXBuildFile; fileRef = C2E85C0A28EA658C001C6EF9 /* MealsList.swift */; };
		C2E85C0D28EB2EC7001C6EF9 /* MealRow.swift in Sources */ = {isa = PBXBuildFile; fileRef = C2E85C0C28EB2EC7001C6EF9 /* MealRow.swift */; };
/* End PBXBuildFile section */

/* Begin PBXFileReference section */
		C246353228EC8132008F9A2D /* FoodItems.xcdatamodel */ = {isa = PBXFileReference; lastKnownFileType = wrapper.xcdatamodel; path = FoodItems.xcdatamodel; sourceTree = "<group>"; };
		C246353428EC81CF008F9A2D /* Persistence.swift */ = {isa = PBXFileReference; lastKnownFileType = sourcecode.swift; path = Persistence.swift; sourceTree = "<group>"; };
		C246353928ECA8EB008F9A2D /* MealSection.swift */ = {isa = PBXFileReference; lastKnownFileType = sourcecode.swift; path = MealSection.swift; sourceTree = "<group>"; };
		C246353C28ECD37A008F9A2D /* Binding.swift */ = {isa = PBXFileReference; lastKnownFileType = sourcecode.swift; path = Binding.swift; sourceTree = "<group>"; };
		C2E33F1228EDD83200829330 /* FoodDataStore.swift */ = {isa = PBXFileReference; lastKnownFileType = sourcecode.swift; path = FoodDataStore.swift; sourceTree = "<group>"; };
		C2E85BE828E9DBCF001C6EF9 /* MacrosSwift.app */ = {isa = PBXFileReference; explicitFileType = wrapper.application; includeInIndex = 0; path = MacrosSwift.app; sourceTree = BUILT_PRODUCTS_DIR; };
		C2E85BEB28E9DBCF001C6EF9 /* MacrosSwiftApp.swift */ = {isa = PBXFileReference; lastKnownFileType = sourcecode.swift; path = MacrosSwiftApp.swift; sourceTree = "<group>"; };
		C2E85BED28E9DBCF001C6EF9 /* MacroJournal.swift */ = {isa = PBXFileReference; lastKnownFileType = sourcecode.swift; path = MacroJournal.swift; sourceTree = "<group>"; };
		C2E85BEF28E9DBCF001C6EF9 /* Assets.xcassets */ = {isa = PBXFileReference; lastKnownFileType = folder.assetcatalog; path = Assets.xcassets; sourceTree = "<group>"; };
		C2E85BF128E9DBCF001C6EF9 /* MacrosSwift.entitlements */ = {isa = PBXFileReference; lastKnownFileType = text.plist.entitlements; path = MacrosSwift.entitlements; sourceTree = "<group>"; };
		C2E85BF328E9DBCF001C6EF9 /* Preview Assets.xcassets */ = {isa = PBXFileReference; lastKnownFileType = folder.assetcatalog; path = "Preview Assets.xcassets"; sourceTree = "<group>"; };
		C2E85BFA28E9DC4E001C6EF9 /* MacroRing.swift */ = {isa = PBXFileReference; lastKnownFileType = sourcecode.swift; path = MacroRing.swift; sourceTree = "<group>"; };
		C2E85BFE28E9F669001C6EF9 /* MacroData.swift */ = {isa = PBXFileReference; lastKnownFileType = sourcecode.swift; path = MacroData.swift; sourceTree = "<group>"; };
		C2E85C0028EA0348001C6EF9 /* UserData.swift */ = {isa = PBXFileReference; lastKnownFileType = sourcecode.swift; path = UserData.swift; sourceTree = "<group>"; };
		C2E85C0228EA0620001C6EF9 /* DateSelection.swift */ = {isa = PBXFileReference; lastKnownFileType = sourcecode.swift; path = DateSelection.swift; sourceTree = "<group>"; };
		C2E85C0628EA521E001C6EF9 /* AddItem.swift */ = {isa = PBXFileReference; lastKnownFileType = sourcecode.swift; path = AddItem.swift; sourceTree = "<group>"; };
		C2E85C0828EA5FC2001C6EF9 /* AboveListToolbar.swift */ = {isa = PBXFileReference; lastKnownFileType = sourcecode.swift; path = AboveListToolbar.swift; sourceTree = "<group>"; };
		C2E85C0A28EA658C001C6EF9 /* MealsList.swift */ = {isa = PBXFileReference; lastKnownFileType = sourcecode.swift; path = MealsList.swift; sourceTree = "<group>"; };
		C2E85C0C28EB2EC7001C6EF9 /* MealRow.swift */ = {isa = PBXFileReference; lastKnownFileType = sourcecode.swift; path = MealRow.swift; sourceTree = "<group>"; };
/* End PBXFileReference section */

/* Begin PBXFrameworksBuildPhase section */
		C2E85BE528E9DBCE001C6EF9 /* Frameworks */ = {
			isa = PBXFrameworksBuildPhase;
			buildActionMask = 2147483647;
			files = (
				C2E33F1028EDD7FB00829330 /* SQLite in Frameworks */,
			);
			runOnlyForDeploymentPostprocessing = 0;
		};
/* End PBXFrameworksBuildPhase section */

/* Begin PBXGroup section */
		C246353028EC8068008F9A2D /* CoreData */ = {
			isa = PBXGroup;
			children = (
				C246353128EC8132008F9A2D /* FoodItems.xcdatamodeld */,
				C246353428EC81CF008F9A2D /* Persistence.swift */,
			);
			path = CoreData;
			sourceTree = "<group>";
		};
		C246353B28ECD365008F9A2D /* Helpers */ = {
			isa = PBXGroup;
			children = (
				C246353C28ECD37A008F9A2D /* Binding.swift */,
			);
			path = Helpers;
			sourceTree = "<group>";
		};
		C2E33F1128EDD81E00829330 /* SQLite */ = {
			isa = PBXGroup;
			children = (
				C2E33F1228EDD83200829330 /* FoodDataStore.swift */,
			);
			path = SQLite;
			sourceTree = "<group>";
		};
		C2E85BDF28E9DBCE001C6EF9 = {
			isa = PBXGroup;
			children = (
				C2E85BEA28E9DBCF001C6EF9 /* MacrosSwift */,
				C2E85BE928E9DBCF001C6EF9 /* Products */,
			);
			sourceTree = "<group>";
		};
		C2E85BE928E9DBCF001C6EF9 /* Products */ = {
			isa = PBXGroup;
			children = (
				C2E85BE828E9DBCF001C6EF9 /* MacrosSwift.app */,
			);
			name = Products;
			sourceTree = "<group>";
		};
		C2E85BEA28E9DBCF001C6EF9 /* MacrosSwift */ = {
			isa = PBXGroup;
			children = (
				C2E85BEB28E9DBCF001C6EF9 /* MacrosSwiftApp.swift */,
				C246353B28ECD365008F9A2D /* Helpers */,
				C246353028EC8068008F9A2D /* CoreData */,
				C2E33F1128EDD81E00829330 /* SQLite */,
				C2E85BFD28E9F64D001C6EF9 /* DataModels */,
				C2E85BFC28E9F609001C6EF9 /* Views */,
				C2E85BEF28E9DBCF001C6EF9 /* Assets.xcassets */,
				C2E85BF128E9DBCF001C6EF9 /* MacrosSwift.entitlements */,
				C2E85BF228E9DBCF001C6EF9 /* Preview Content */,
			);
			path = MacrosSwift;
			sourceTree = "<group>";
		};
		C2E85BF228E9DBCF001C6EF9 /* Preview Content */ = {
			isa = PBXGroup;
			children = (
				C2E85BF328E9DBCF001C6EF9 /* Preview Assets.xcassets */,
			);
			path = "Preview Content";
			sourceTree = "<group>";
		};
		C2E85BFC28E9F609001C6EF9 /* Views */ = {
			isa = PBXGroup;
			children = (
				C2E85BFA28E9DC4E001C6EF9 /* MacroRing.swift */,
				C2E85C0228EA0620001C6EF9 /* DateSelection.swift */,
				C2E85BED28E9DBCF001C6EF9 /* MacroJournal.swift */,
				C2E85C0A28EA658C001C6EF9 /* MealsList.swift */,
				C2E85C0C28EB2EC7001C6EF9 /* MealRow.swift */,
				C2E85C0828EA5FC2001C6EF9 /* AboveListToolbar.swift */,
				C2E85C0628EA521E001C6EF9 /* AddItem.swift */,
				C246353928ECA8EB008F9A2D /* MealSection.swift */,
			);
			path = Views;
			sourceTree = "<group>";
		};
		C2E85BFD28E9F64D001C6EF9 /* DataModels */ = {
			isa = PBXGroup;
			children = (
				C2E85BFE28E9F669001C6EF9 /* MacroData.swift */,
				C2E85C0028EA0348001C6EF9 /* UserData.swift */,
			);
			path = DataModels;
			sourceTree = "<group>";
		};
/* End PBXGroup section */

/* Begin PBXNativeTarget section */
		C2E85BE728E9DBCE001C6EF9 /* MacrosSwift */ = {
			isa = PBXNativeTarget;
			buildConfigurationList = C2E85BF728E9DBCF001C6EF9 /* Build configuration list for PBXNativeTarget "MacrosSwift" */;
			buildPhases = (
				C2E85BE428E9DBCE001C6EF9 /* Sources */,
				C2E85BE528E9DBCE001C6EF9 /* Frameworks */,
				C2E85BE628E9DBCE001C6EF9 /* Resources */,
			);
			buildRules = (
			);
			dependencies = (
			);
			name = MacrosSwift;
			packageProductDependencies = (
				C2E33F0F28EDD7FB00829330 /* SQLite */,
			);
			productName = MacrosSwift;
			productReference = C2E85BE828E9DBCF001C6EF9 /* MacrosSwift.app */;
			productType = "com.apple.product-type.application";
		};
/* End PBXNativeTarget section */

/* Begin PBXProject section */
		C2E85BE028E9DBCE001C6EF9 /* Project object */ = {
			isa = PBXProject;
			attributes = {
				BuildIndependentTargetsInParallel = 1;
				LastSwiftUpdateCheck = 1400;
				LastUpgradeCheck = 1400;
				TargetAttributes = {
					C2E85BE728E9DBCE001C6EF9 = {
						CreatedOnToolsVersion = 14.0.1;
					};
				};
			};
			buildConfigurationList = C2E85BE328E9DBCE001C6EF9 /* Build configuration list for PBXProject "MacrosSwift" */;
			compatibilityVersion = "Xcode 14.0";
			developmentRegion = en;
			hasScannedForEncodings = 0;
			knownRegions = (
				en,
				Base,
			);
			mainGroup = C2E85BDF28E9DBCE001C6EF9;
			packageReferences = (
				C2E33F0E28EDD7FB00829330 /* XCRemoteSwiftPackageReference "SQLite.swift" */,
			);
			productRefGroup = C2E85BE928E9DBCF001C6EF9 /* Products */;
			projectDirPath = "";
			projectRoot = "";
			targets = (
				C2E85BE728E9DBCE001C6EF9 /* MacrosSwift */,
			);
		};
/* End PBXProject section */

/* Begin PBXResourcesBuildPhase section */
		C2E85BE628E9DBCE001C6EF9 /* Resources */ = {
			isa = PBXResourcesBuildPhase;
			buildActionMask = 2147483647;
			files = (
				C2E85BF428E9DBCF001C6EF9 /* Preview Assets.xcassets in Resources */,
				C2E85BF028E9DBCF001C6EF9 /* Assets.xcassets in Resources */,
			);
			runOnlyForDeploymentPostprocessing = 0;
		};
/* End PBXResourcesBuildPhase section */

/* Begin PBXSourcesBuildPhase section */
		C2E85BE428E9DBCE001C6EF9 /* Sources */ = {
			isa = PBXSourcesBuildPhase;
			buildActionMask = 2147483647;
			files = (
				C2E85BEE28E9DBCF001C6EF9 /* MacroJournal.swift in Sources */,
				C2E85BFB28E9DC4E001C6EF9 /* MacroRing.swift in Sources */,
				C2E85C0328EA0620001C6EF9 /* DateSelection.swift in Sources */,
				C246353D28ECD37A008F9A2D /* Binding.swift in Sources */,
				C2E85C0D28EB2EC7001C6EF9 /* MealRow.swift in Sources */,
				C2E85BFF28E9F669001C6EF9 /* MacroData.swift in Sources */,
				C246353A28ECA8EB008F9A2D /* MealSection.swift in Sources */,
				C246353528EC81CF008F9A2D /* Persistence.swift in Sources */,
				C2E85C0728EA521E001C6EF9 /* AddItem.swift in Sources */,
				C246353328EC8132008F9A2D /* FoodItems.xcdatamodeld in Sources */,
				C2E33F1328EDD83200829330 /* FoodDataStore.swift in Sources */,
				C2E85C0928EA5FC2001C6EF9 /* AboveListToolbar.swift in Sources */,
				C2E85C0128EA0348001C6EF9 /* UserData.swift in Sources */,
				C2E85BEC28E9DBCF001C6EF9 /* MacrosSwiftApp.swift in Sources */,
				C2E85C0B28EA658C001C6EF9 /* MealsList.swift in Sources */,
			);
			runOnlyForDeploymentPostprocessing = 0;
		};
/* End PBXSourcesBuildPhase section */

/* Begin XCBuildConfiguration section */
		C2E85BF528E9DBCF001C6EF9 /* Debug */ = {
			isa = XCBuildConfiguration;
			buildSettings = {
				ALWAYS_SEARCH_USER_PATHS = NO;
				CLANG_ANALYZER_NONNULL = YES;
				CLANG_ANALYZER_NUMBER_OBJECT_CONVERSION = YES_AGGRESSIVE;
				CLANG_CXX_LANGUAGE_STANDARD = "gnu++20";
				CLANG_ENABLE_MODULES = YES;
				CLANG_ENABLE_OBJC_ARC = YES;
				CLANG_ENABLE_OBJC_WEAK = YES;
				CLANG_WARN_BLOCK_CAPTURE_AUTORELEASING = YES;
				CLANG_WARN_BOOL_CONVERSION = YES;
				CLANG_WARN_COMMA = YES;
				CLANG_WARN_CONSTANT_CONVERSION = YES;
				CLANG_WARN_DEPRECATED_OBJC_IMPLEMENTATIONS = YES;
				CLANG_WARN_DIRECT_OBJC_ISA_USAGE = YES_ERROR;
				CLANG_WARN_DOCUMENTATION_COMMENTS = YES;
				CLANG_WARN_EMPTY_BODY = YES;
				CLANG_WARN_ENUM_CONVERSION = YES;
				CLANG_WARN_INFINITE_RECURSION = YES;
				CLANG_WARN_INT_CONVERSION = YES;
				CLANG_WARN_NON_LITERAL_NULL_CONVERSION = YES;
				CLANG_WARN_OBJC_IMPLICIT_RETAIN_SELF = YES;
				CLANG_WARN_OBJC_LITERAL_CONVERSION = YES;
				CLANG_WARN_OBJC_ROOT_CLASS = YES_ERROR;
				CLANG_WARN_QUOTED_INCLUDE_IN_FRAMEWORK_HEADER = YES;
				CLANG_WARN_RANGE_LOOP_ANALYSIS = YES;
				CLANG_WARN_STRICT_PROTOTYPES = YES;
				CLANG_WARN_SUSPICIOUS_MOVE = YES;
				CLANG_WARN_UNGUARDED_AVAILABILITY = YES_AGGRESSIVE;
				CLANG_WARN_UNREACHABLE_CODE = YES;
				CLANG_WARN__DUPLICATE_METHOD_MATCH = YES;
				COPY_PHASE_STRIP = NO;
				DEBUG_INFORMATION_FORMAT = dwarf;
				ENABLE_STRICT_OBJC_MSGSEND = YES;
				ENABLE_TESTABILITY = YES;
				GCC_C_LANGUAGE_STANDARD = gnu11;
				GCC_DYNAMIC_NO_PIC = NO;
				GCC_NO_COMMON_BLOCKS = YES;
				GCC_OPTIMIZATION_LEVEL = 0;
				GCC_PREPROCESSOR_DEFINITIONS = (
					"DEBUG=1",
					"$(inherited)",
				);
				GCC_WARN_64_TO_32_BIT_CONVERSION = YES;
				GCC_WARN_ABOUT_RETURN_TYPE = YES_ERROR;
				GCC_WARN_UNDECLARED_SELECTOR = YES;
				GCC_WARN_UNINITIALIZED_AUTOS = YES_AGGRESSIVE;
				GCC_WARN_UNUSED_FUNCTION = YES;
				GCC_WARN_UNUSED_VARIABLE = YES;
				MTL_ENABLE_DEBUG_INFO = INCLUDE_SOURCE;
				MTL_FAST_MATH = YES;
				ONLY_ACTIVE_ARCH = YES;
				SWIFT_ACTIVE_COMPILATION_CONDITIONS = DEBUG;
				SWIFT_OPTIMIZATION_LEVEL = "-Onone";
			};
			name = Debug;
		};
		C2E85BF628E9DBCF001C6EF9 /* Release */ = {
			isa = XCBuildConfiguration;
			buildSettings = {
				ALWAYS_SEARCH_USER_PATHS = NO;
				CLANG_ANALYZER_NONNULL = YES;
				CLANG_ANALYZER_NUMBER_OBJECT_CONVERSION = YES_AGGRESSIVE;
				CLANG_CXX_LANGUAGE_STANDARD = "gnu++20";
				CLANG_ENABLE_MODULES = YES;
				CLANG_ENABLE_OBJC_ARC = YES;
				CLANG_ENABLE_OBJC_WEAK = YES;
				CLANG_WARN_BLOCK_CAPTURE_AUTORELEASING = YES;
				CLANG_WARN_BOOL_CONVERSION = YES;
				CLANG_WARN_COMMA = YES;
				CLANG_WARN_CONSTANT_CONVERSION = YES;
				CLANG_WARN_DEPRECATED_OBJC_IMPLEMENTATIONS = YES;
				CLANG_WARN_DIRECT_OBJC_ISA_USAGE = YES_ERROR;
				CLANG_WARN_DOCUMENTATION_COMMENTS = YES;
				CLANG_WARN_EMPTY_BODY = YES;
				CLANG_WARN_ENUM_CONVERSION = YES;
				CLANG_WARN_INFINITE_RECURSION = YES;
				CLANG_WARN_INT_CONVERSION = YES;
				CLANG_WARN_NON_LITERAL_NULL_CONVERSION = YES;
				CLANG_WARN_OBJC_IMPLICIT_RETAIN_SELF = YES;
				CLANG_WARN_OBJC_LITERAL_CONVERSION = YES;
				CLANG_WARN_OBJC_ROOT_CLASS = YES_ERROR;
				CLANG_WARN_QUOTED_INCLUDE_IN_FRAMEWORK_HEADER = YES;
				CLANG_WARN_RANGE_LOOP_ANALYSIS = YES;
				CLANG_WARN_STRICT_PROTOTYPES = YES;
				CLANG_WARN_SUSPICIOUS_MOVE = YES;
				CLANG_WARN_UNGUARDED_AVAILABILITY = YES_AGGRESSIVE;
				CLANG_WARN_UNREACHABLE_CODE = YES;
				CLANG_WARN__DUPLICATE_METHOD_MATCH = YES;
				COPY_PHASE_STRIP = NO;
				DEBUG_INFORMATION_FORMAT = "dwarf-with-dsym";
				ENABLE_NS_ASSERTIONS = NO;
				ENABLE_STRICT_OBJC_MSGSEND = YES;
				GCC_C_LANGUAGE_STANDARD = gnu11;
				GCC_NO_COMMON_BLOCKS = YES;
				GCC_WARN_64_TO_32_BIT_CONVERSION = YES;
				GCC_WARN_ABOUT_RETURN_TYPE = YES_ERROR;
				GCC_WARN_UNDECLARED_SELECTOR = YES;
				GCC_WARN_UNINITIALIZED_AUTOS = YES_AGGRESSIVE;
				GCC_WARN_UNUSED_FUNCTION = YES;
				GCC_WARN_UNUSED_VARIABLE = YES;
				MTL_ENABLE_DEBUG_INFO = NO;
				MTL_FAST_MATH = YES;
				SWIFT_COMPILATION_MODE = wholemodule;
				SWIFT_OPTIMIZATION_LEVEL = "-O";
			};
			name = Release;
		};
		C2E85BF828E9DBCF001C6EF9 /* Debug */ = {
			isa = XCBuildConfiguration;
			buildSettings = {
				ASSETCATALOG_COMPILER_APPICON_NAME = AppIcon;
				ASSETCATALOG_COMPILER_GLOBAL_ACCENT_COLOR_NAME = AccentColor;
				ASSETCATALOG_COMPILER_INCLUDE_ALL_APPICON_ASSETS = NO;
				CODE_SIGN_ENTITLEMENTS = MacrosSwift/MacrosSwift.entitlements;
				CODE_SIGN_STYLE = Automatic;
				CURRENT_PROJECT_VERSION = 1;
				DEVELOPMENT_ASSET_PATHS = "\"MacrosSwift/Preview Content\"";
				DEVELOPMENT_TEAM = D7LDB6SC2H;
				ENABLE_HARDENED_RUNTIME = YES;
				ENABLE_PREVIEWS = YES;
				GENERATE_INFOPLIST_FILE = YES;
				INFOPLIST_KEY_CFBundleDisplayName = "My Macros";
				INFOPLIST_KEY_LSApplicationCategoryType = "public.app-category.healthcare-fitness";
				"INFOPLIST_KEY_UIApplicationSceneManifest_Generation[sdk=iphoneos*]" = YES;
				"INFOPLIST_KEY_UIApplicationSceneManifest_Generation[sdk=iphonesimulator*]" = YES;
				"INFOPLIST_KEY_UIApplicationSupportsIndirectInputEvents[sdk=iphoneos*]" = YES;
				"INFOPLIST_KEY_UIApplicationSupportsIndirectInputEvents[sdk=iphonesimulator*]" = YES;
				"INFOPLIST_KEY_UILaunchScreen_Generation[sdk=iphoneos*]" = YES;
				"INFOPLIST_KEY_UILaunchScreen_Generation[sdk=iphonesimulator*]" = YES;
				"INFOPLIST_KEY_UIStatusBarStyle[sdk=iphoneos*]" = UIStatusBarStyleDefault;
				"INFOPLIST_KEY_UIStatusBarStyle[sdk=iphonesimulator*]" = UIStatusBarStyleDefault;
				INFOPLIST_KEY_UISupportedInterfaceOrientations = UIInterfaceOrientationPortrait;
				INFOPLIST_KEY_UISupportedInterfaceOrientations_iPad = "UIInterfaceOrientationLandscapeLeft UIInterfaceOrientationLandscapeRight UIInterfaceOrientationPortrait UIInterfaceOrientationPortraitUpsideDown";
				IPHONEOS_DEPLOYMENT_TARGET = 16.0;
				LD_RUNPATH_SEARCH_PATHS = "@executable_path/Frameworks";
				"LD_RUNPATH_SEARCH_PATHS[sdk=macosx*]" = "@executable_path/../Frameworks";
				MACOSX_DEPLOYMENT_TARGET = 12.3;
				MARKETING_VERSION = 0.2;
				PRODUCT_BUNDLE_IDENTIFIER = com.prichan.mymacrocounter;
				PRODUCT_NAME = "$(TARGET_NAME)";
				SDKROOT = auto;
				SUPPORTED_PLATFORMS = "iphoneos iphonesimulator";
				SUPPORTS_MACCATALYST = NO;
				SUPPORTS_MAC_DESIGNED_FOR_IPHONE_IPAD = NO;
				SWIFT_EMIT_LOC_STRINGS = YES;
				SWIFT_VERSION = 5.0;
				TARGETED_DEVICE_FAMILY = 1;
			};
			name = Debug;
		};
		C2E85BF928E9DBCF001C6EF9 /* Release */ = {
			isa = XCBuildConfiguration;
			buildSettings = {
				ASSETCATALOG_COMPILER_APPICON_NAME = AppIcon;
				ASSETCATALOG_COMPILER_GLOBAL_ACCENT_COLOR_NAME = AccentColor;
				ASSETCATALOG_COMPILER_INCLUDE_ALL_APPICON_ASSETS = NO;
				CODE_SIGN_ENTITLEMENTS = MacrosSwift/MacrosSwift.entitlements;
				CODE_SIGN_STYLE = Automatic;
				CURRENT_PROJECT_VERSION = 1;
				DEVELOPMENT_ASSET_PATHS = "\"MacrosSwift/Preview Content\"";
				DEVELOPMENT_TEAM = D7LDB6SC2H;
				ENABLE_HARDENED_RUNTIME = YES;
				ENABLE_PREVIEWS = YES;
				GENERATE_INFOPLIST_FILE = YES;
				INFOPLIST_KEY_CFBundleDisplayName = "My Macros";
				INFOPLIST_KEY_LSApplicationCategoryType = "public.app-category.healthcare-fitness";
				"INFOPLIST_KEY_UIApplicationSceneManifest_Generation[sdk=iphoneos*]" = YES;
				"INFOPLIST_KEY_UIApplicationSceneManifest_Generation[sdk=iphonesimulator*]" = YES;
				"INFOPLIST_KEY_UIApplicationSupportsIndirectInputEvents[sdk=iphoneos*]" = YES;
				"INFOPLIST_KEY_UIApplicationSupportsIndirectInputEvents[sdk=iphonesimulator*]" = YES;
				"INFOPLIST_KEY_UILaunchScreen_Generation[sdk=iphoneos*]" = YES;
				"INFOPLIST_KEY_UILaunchScreen_Generation[sdk=iphonesimulator*]" = YES;
				"INFOPLIST_KEY_UIStatusBarStyle[sdk=iphoneos*]" = UIStatusBarStyleDefault;
				"INFOPLIST_KEY_UIStatusBarStyle[sdk=iphonesimulator*]" = UIStatusBarStyleDefault;
				INFOPLIST_KEY_UISupportedInterfaceOrientations = UIInterfaceOrientationPortrait;
				INFOPLIST_KEY_UISupportedInterfaceOrientations_iPad = "UIInterfaceOrientationLandscapeLeft UIInterfaceOrientationLandscapeRight UIInterfaceOrientationPortrait UIInterfaceOrientationPortraitUpsideDown";
				IPHONEOS_DEPLOYMENT_TARGET = 16.0;
				LD_RUNPATH_SEARCH_PATHS = "@executable_path/Frameworks";
				"LD_RUNPATH_SEARCH_PATHS[sdk=macosx*]" = "@executable_path/../Frameworks";
				MACOSX_DEPLOYMENT_TARGET = 12.3;
				MARKETING_VERSION = 0.2;
				PRODUCT_BUNDLE_IDENTIFIER = com.prichan.mymacrocounter;
				PRODUCT_NAME = "$(TARGET_NAME)";
				SDKROOT = auto;
				SUPPORTED_PLATFORMS = "iphoneos iphonesimulator";
				SUPPORTS_MACCATALYST = NO;
				SUPPORTS_MAC_DESIGNED_FOR_IPHONE_IPAD = NO;
				SWIFT_EMIT_LOC_STRINGS = YES;
				SWIFT_VERSION = 5.0;
				TARGETED_DEVICE_FAMILY = 1;
			};
			name = Release;
		};
/* End XCBuildConfiguration section */

/* Begin XCConfigurationList section */
		C2E85BE328E9DBCE001C6EF9 /* Build configuration list for PBXProject "MacrosSwift" */ = {
			isa = XCConfigurationList;
			buildConfigurations = (
				C2E85BF528E9DBCF001C6EF9 /* Debug */,
				C2E85BF628E9DBCF001C6EF9 /* Release */,
			);
			defaultConfigurationIsVisible = 0;
			defaultConfigurationName = Release;
		};
		C2E85BF728E9DBCF001C6EF9 /* Build configuration list for PBXNativeTarget "MacrosSwift" */ = {
			isa = XCConfigurationList;
			buildConfigurations = (
				C2E85BF828E9DBCF001C6EF9 /* Debug */,
				C2E85BF928E9DBCF001C6EF9 /* Release */,
			);
			defaultConfigurationIsVisible = 0;
			defaultConfigurationName = Release;
		};
/* End XCConfigurationList section */

/* Begin XCRemoteSwiftPackageReference section */
		C2E33F0E28EDD7FB00829330 /* XCRemoteSwiftPackageReference "SQLite.swift" */ = {
			isa = XCRemoteSwiftPackageReference;
			repositoryURL = "https://github.com/stephencelis/SQLite.swift.git";
			requirement = {
				kind = upToNextMajorVersion;
				minimumVersion = 0.9.2;
			};
		};
/* End XCRemoteSwiftPackageReference section */

/* Begin XCSwiftPackageProductDependency section */
		C2E33F0F28EDD7FB00829330 /* SQLite */ = {
			isa = XCSwiftPackageProductDependency;
			package = C2E33F0E28EDD7FB00829330 /* XCRemoteSwiftPackageReference "SQLite.swift" */;
			productName = SQLite;
		};
/* End XCSwiftPackageProductDependency section */

/* Begin XCVersionGroup section */
		C246353128EC8132008F9A2D /* FoodItems.xcdatamodeld */ = {
			isa = XCVersionGroup;
			children = (
				C246353228EC8132008F9A2D /* FoodItems.xcdatamodel */,
			);
			currentVersion = C246353228EC8132008F9A2D /* FoodItems.xcdatamodel */;
			path = FoodItems.xcdatamodeld;
			sourceTree = "<group>";
			versionGroupType = wrapper.xcdatamodel;
		};
/* End XCVersionGroup section */
	};
	rootObject = C2E85BE028E9DBCE001C6EF9 /* Project object */;
}
